
Microsoft Visual Studio Solution File, Format Version 12.00
# Visual Studio 15
VisualStudioVersion = 15.0.28307.329
MinimumVisualStudioVersion = 10.0.40219.1
Project("{9A19103F-16F7-4668-BE54-9A1E7A4F7556}") = "VerkstedFinder", "VerkstedFinder\VerkstedFinder.csproj", "{D93CD39A-EDBB-4185-B89F-864D4967FB03}"
EndProject
Project("{FAE04EC0-301F-11D3-BF4B-00C04F79EFBC}") = "VerkstedFinder.Model", "VerkstedFinder.Model\VerkstedFinder.Model.csproj", "{6EEFCA2A-9BF7-4994-8DFD-49C75993FB5C}"
EndProject
Global
	GlobalSection(SolutionConfigurationPlatforms) = preSolution
		Debug|Any CPU = Debug|Any CPU
		Release|Any CPU = Release|Any CPU
	EndGlobalSection
	GlobalSection(ProjectConfigurationPlatforms) = postSolution
		{D93CD39A-EDBB-4185-B89F-864D4967FB03}.Debug|Any CPU.ActiveCfg = Debug|Any CPU
		{D93CD39A-EDBB-4185-B89F-864D4967FB03}.Debug|Any CPU.Build.0 = Debug|Any CPU
		{D93CD39A-EDBB-4185-B89F-864D4967FB03}.Release|Any CPU.ActiveCfg = Release|Any CPU
		{D93CD39A-EDBB-4185-B89F-864D4967FB03}.Release|Any CPU.Build.0 = Release|Any CPU
		{6EEFCA2A-9BF7-4994-8DFD-49C75993FB5C}.Debug|Any CPU.ActiveCfg = Debug|Any CPU
		{6EEFCA2A-9BF7-4994-8DFD-49C75993FB5C}.Debug|Any CPU.Build.0 = Debug|Any CPU
		{6EEFCA2A-9BF7-4994-8DFD-49C75993FB5C}.Release|Any CPU.ActiveCfg = Release|Any CPU
		{6EEFCA2A-9BF7-4994-8DFD-49C75993FB5C}.Release|Any CPU.Build.0 = Release|Any CPU
	EndGlobalSection
	GlobalSection(SolutionProperties) = preSolution
		HideSolutionNode = FALSE
	EndGlobalSection
	GlobalSection(ExtensibilityGlobals) = postSolution
		SolutionGuid = {7068366F-5043-4CAF-86AC-7A94B0F85718}
	EndGlobalSection
EndGlobal
